
Microsoft Visual Studio Solution File, Format Version 12.00
# Visual Studio Version 17
VisualStudioVersion = 17.9.34714.143
MinimumVisualStudioVersion = 10.0.40219.1
Project("{FAE04EC0-301F-11D3-BF4B-00C04F79EFBC}") = "FurnitureHub", "FurnitureHub\FurnitureHub.csproj", "{65E967E9-4F7C-4EF5-82DF-D170789598DC}"
EndProject
Global
	GlobalSection(SolutionConfigurationPlatforms) = preSolution
		Debug|Any CPU = Debug|Any CPU
		Release|Any CPU = Release|Any CPU
	EndGlobalSection
	GlobalSection(ProjectConfigurationPlatforms) = postSolution
		{65E967E9-4F7C-4EF5-82DF-D170789598DC}.Debug|Any CPU.ActiveCfg = Debug|Any CPU
		{65E967E9-4F7C-4EF5-82DF-D170789598DC}.Debug|Any CPU.Build.0 = Debug|Any CPU
		{65E967E9-4F7C-4EF5-82DF-D170789598DC}.Release|Any CPU.ActiveCfg = Release|Any CPU
		{65E967E9-4F7C-4EF5-82DF-D170789598DC}.Release|Any CPU.Build.0 = Release|Any CPU
	EndGlobalSection
	GlobalSection(SolutionProperties) = preSolution
		HideSolutionNode = FALSE
	EndGlobalSection
	GlobalSection(ExtensibilityGlobals) = postSolution
		SolutionGuid = {0C3AA763-F304-476A-B9CD-40F41C270531}
	EndGlobalSection
EndGlobal
